
Microsoft Visual Studio Solution File, Format Version 12.00
# Visual Studio Version 16
VisualStudioVersion = 16.0.30621.155
MinimumVisualStudioVersion = 10.0.40219.1
Project("{9A19103F-16F7-4668-BE54-9A1E7A4F7556}") = "DataStructures", "DataStructurize\DataStructures.csproj", "{1DDC5231-4D21-4E8F-AAB9-35B6BD95B7BA}"
EndProject
Project("{FAE04EC0-301F-11D3-BF4B-00C04F79EFBC}") = "DataStructuresTest", "DataStructuresTest\DataStructuresTest.csproj", "{4B592F80-7089-4F72-9C96-0A4FCCB93A2F}"
EndProject
Global
	GlobalSection(SolutionConfigurationPlatforms) = preSolution
		Debug|Any CPU = Debug|Any CPU
		Release|Any CPU = Release|Any CPU
	EndGlobalSection
	GlobalSection(ProjectConfigurationPlatforms) = postSolution
		{1DDC5231-4D21-4E8F-AAB9-35B6BD95B7BA}.Debug|Any CPU.ActiveCfg = Debug|Any CPU
		{1DDC5231-4D21-4E8F-AAB9-35B6BD95B7BA}.Debug|Any CPU.Build.0 = Debug|Any CPU
		{1DDC5231-4D21-4E8F-AAB9-35B6BD95B7BA}.Release|Any CPU.ActiveCfg = Release|Any CPU
		{1DDC5231-4D21-4E8F-AAB9-35B6BD95B7BA}.Release|Any CPU.Build.0 = Release|Any CPU
		{4B592F80-7089-4F72-9C96-0A4FCCB93A2F}.Debug|Any CPU.ActiveCfg = Debug|Any CPU
		{4B592F80-7089-4F72-9C96-0A4FCCB93A2F}.Debug|Any CPU.Build.0 = Debug|Any CPU
		{4B592F80-7089-4F72-9C96-0A4FCCB93A2F}.Release|Any CPU.ActiveCfg = Release|Any CPU
		{4B592F80-7089-4F72-9C96-0A4FCCB93A2F}.Release|Any CPU.Build.0 = Release|Any CPU
	EndGlobalSection
	GlobalSection(SolutionProperties) = preSolution
		HideSolutionNode = FALSE
	EndGlobalSection
	GlobalSection(ExtensibilityGlobals) = postSolution
		SolutionGuid = {96431BDD-BC9C-4CFC-AF2C-1CB979D59D4D}
	EndGlobalSection
EndGlobal
